
Microsoft Visual Studio Solution File, Format Version 12.00
# Visual Studio 15
VisualStudioVersion = 15.0.28307.421
MinimumVisualStudioVersion = 10.0.40219.1
Project("{9A19103F-16F7-4668-BE54-9A1E7A4F7556}") = "TestForm", "TestForm\TestForm.csproj", "{AF1CCA41-12E9-4F9D-A228-4F7BD8D7E8D6}"
EndProject
Project("{9A19103F-16F7-4668-BE54-9A1E7A4F7556}") = "Backend.Tests", "Backend.Tests\Backend.Tests.csproj", "{79421D74-0E07-4064-A608-8ADF39109F53}"
EndProject
Project("{9A19103F-16F7-4668-BE54-9A1E7A4F7556}") = "Backend.Database", "Backend.Database\Backend.Database.csproj", "{A36E3309-60CD-4D27-A8B8-9E67ECF6648B}"
EndProject
Project("{FAE04EC0-301F-11D3-BF4B-00C04F79EFBC}") = "Backend.Common", "Backend.Common\Backend.Common.csproj", "{40A961AC-F3DC-420A-A723-AC51A84066F7}"
EndProject
Project("{FAE04EC0-301F-11D3-BF4B-00C04F79EFBC}") = "Backend.TestObjectService", "Backend.TestObjectService\Backend.TestObjectService.csproj", "{D8A65595-54EC-43B4-B85A-A55AE7DB5FE9}"
EndProject
Global
	GlobalSection(SolutionConfigurationPlatforms) = preSolution
		Debug|Any CPU = Debug|Any CPU
		Release|Any CPU = Release|Any CPU
	EndGlobalSection
	GlobalSection(ProjectConfigurationPlatforms) = postSolution
		{AF1CCA41-12E9-4F9D-A228-4F7BD8D7E8D6}.Debug|Any CPU.ActiveCfg = Debug|Any CPU
		{AF1CCA41-12E9-4F9D-A228-4F7BD8D7E8D6}.Debug|Any CPU.Build.0 = Debug|Any CPU
		{AF1CCA41-12E9-4F9D-A228-4F7BD8D7E8D6}.Release|Any CPU.ActiveCfg = Release|Any CPU
		{AF1CCA41-12E9-4F9D-A228-4F7BD8D7E8D6}.Release|Any CPU.Build.0 = Release|Any CPU
		{79421D74-0E07-4064-A608-8ADF39109F53}.Debug|Any CPU.ActiveCfg = Debug|Any CPU
		{79421D74-0E07-4064-A608-8ADF39109F53}.Debug|Any CPU.Build.0 = Debug|Any CPU
		{79421D74-0E07-4064-A608-8ADF39109F53}.Release|Any CPU.ActiveCfg = Release|Any CPU
		{79421D74-0E07-4064-A608-8ADF39109F53}.Release|Any CPU.Build.0 = Release|Any CPU
		{A36E3309-60CD-4D27-A8B8-9E67ECF6648B}.Debug|Any CPU.ActiveCfg = Debug|Any CPU
		{A36E3309-60CD-4D27-A8B8-9E67ECF6648B}.Debug|Any CPU.Build.0 = Debug|Any CPU
		{A36E3309-60CD-4D27-A8B8-9E67ECF6648B}.Release|Any CPU.ActiveCfg = Release|Any CPU
		{A36E3309-60CD-4D27-A8B8-9E67ECF6648B}.Release|Any CPU.Build.0 = Release|Any CPU
		{40A961AC-F3DC-420A-A723-AC51A84066F7}.Debug|Any CPU.ActiveCfg = Debug|Any CPU
		{40A961AC-F3DC-420A-A723-AC51A84066F7}.Debug|Any CPU.Build.0 = Debug|Any CPU
		{40A961AC-F3DC-420A-A723-AC51A84066F7}.Release|Any CPU.ActiveCfg = Release|Any CPU
		{40A961AC-F3DC-420A-A723-AC51A84066F7}.Release|Any CPU.Build.0 = Release|Any CPU
		{D8A65595-54EC-43B4-B85A-A55AE7DB5FE9}.Debug|Any CPU.ActiveCfg = Debug|Any CPU
		{D8A65595-54EC-43B4-B85A-A55AE7DB5FE9}.Debug|Any CPU.Build.0 = Debug|Any CPU
		{D8A65595-54EC-43B4-B85A-A55AE7DB5FE9}.Release|Any CPU.ActiveCfg = Release|Any CPU
		{D8A65595-54EC-43B4-B85A-A55AE7DB5FE9}.Release|Any CPU.Build.0 = Release|Any CPU
	EndGlobalSection
	GlobalSection(SolutionProperties) = preSolution
		HideSolutionNode = FALSE
	EndGlobalSection
	GlobalSection(ExtensibilityGlobals) = postSolution
		SolutionGuid = {738F6F71-8BBE-432C-A6CA-6022E687990F}
	EndGlobalSection
EndGlobal
